
Microsoft Visual Studio Solution File, Format Version 11.00
# Visual Studio 2010
Project("{FAE04EC0-301F-11D3-BF4B-00C04F79EFBC}") = "Momntz.UI", "Momntz.UI\Momntz.UI.csproj", "{35D70DE1-7D5B-4017-9723-3D086EAAF1FD}"
EndProject
Project("{FAE04EC0-301F-11D3-BF4B-00C04F79EFBC}") = "Momntz.Tests", "Momntz.Tests\Momntz.Tests.csproj", "{024CAD99-E0B7-42C2-B4F1-1A153498EB1F}"
EndProject
Project("{FAE04EC0-301F-11D3-BF4B-00C04F79EFBC}") = "Momntz", "Momntz\Momntz.csproj", "{66EBD27E-70EE-49DF-B062-B5E3C02A8736}"
EndProject
Project("{FAE04EC0-301F-11D3-BF4B-00C04F79EFBC}") = "Momntz.Subscribe", "Momntz.Subscribe\Momntz.Subscribe.csproj", "{02E508D0-9193-48B4-AE36-4F8C4036801A}"
EndProject
Project("{C8D11400-126E-41CD-887F-60BD40844F9E}") = "Momntz.Database.Momntz", "Momntz.Database.Momntz\Momntz.Database.Momntz.dbproj", "{67CBC824-A49E-4E9B-A947-360F3DFE65C3}"
EndProject
Project("{C8D11400-126E-41CD-887F-60BD40844F9E}") = "Momntz.Database.Artifact", "Momntz.Database.Artifact\Momntz.Database.Artifact.dbproj", "{00BFB3BB-8B6D-4886-B090-B14D1A1D7364}"
EndProject
Project("{FAE04EC0-301F-11D3-BF4B-00C04F79EFBC}") = "Momntz.My", "Momntz.My\Momntz.My.csproj", "{FDB60776-A43D-49F0-AD4A-87F7295964F1}"
EndProject
Project("{FAE04EC0-301F-11D3-BF4B-00C04F79EFBC}") = "Momntz.UI.Content", "Momntz.UI.Content\Momntz.UI.Content.csproj", "{0C705751-342D-4497-9BDB-F0BCAB4101F3}"
EndProject
Global
	GlobalSection(SolutionConfigurationPlatforms) = preSolution
		Debug|Any CPU = Debug|Any CPU
		Development|Any CPU = Development|Any CPU
		QA|Any CPU = QA|Any CPU
		Release|Any CPU = Release|Any CPU
	EndGlobalSection
	GlobalSection(ProjectConfigurationPlatforms) = postSolution
		{35D70DE1-7D5B-4017-9723-3D086EAAF1FD}.Debug|Any CPU.ActiveCfg = Debug|Any CPU
		{35D70DE1-7D5B-4017-9723-3D086EAAF1FD}.Debug|Any CPU.Build.0 = Debug|Any CPU
		{35D70DE1-7D5B-4017-9723-3D086EAAF1FD}.Development|Any CPU.ActiveCfg = Debug|Any CPU
		{35D70DE1-7D5B-4017-9723-3D086EAAF1FD}.Development|Any CPU.Build.0 = Debug|Any CPU
		{35D70DE1-7D5B-4017-9723-3D086EAAF1FD}.QA|Any CPU.ActiveCfg = Release|Any CPU
		{35D70DE1-7D5B-4017-9723-3D086EAAF1FD}.QA|Any CPU.Build.0 = Release|Any CPU
		{35D70DE1-7D5B-4017-9723-3D086EAAF1FD}.Release|Any CPU.ActiveCfg = Release|Any CPU
		{35D70DE1-7D5B-4017-9723-3D086EAAF1FD}.Release|Any CPU.Build.0 = Release|Any CPU
		{024CAD99-E0B7-42C2-B4F1-1A153498EB1F}.Debug|Any CPU.ActiveCfg = Debug|Any CPU
		{024CAD99-E0B7-42C2-B4F1-1A153498EB1F}.Debug|Any CPU.Build.0 = Debug|Any CPU
		{024CAD99-E0B7-42C2-B4F1-1A153498EB1F}.Development|Any CPU.ActiveCfg = Debug|Any CPU
		{024CAD99-E0B7-42C2-B4F1-1A153498EB1F}.Development|Any CPU.Build.0 = Debug|Any CPU
		{024CAD99-E0B7-42C2-B4F1-1A153498EB1F}.QA|Any CPU.ActiveCfg = Release|Any CPU
		{024CAD99-E0B7-42C2-B4F1-1A153498EB1F}.QA|Any CPU.Build.0 = Release|Any CPU
		{024CAD99-E0B7-42C2-B4F1-1A153498EB1F}.Release|Any CPU.ActiveCfg = Release|Any CPU
		{024CAD99-E0B7-42C2-B4F1-1A153498EB1F}.Release|Any CPU.Build.0 = Release|Any CPU
		{66EBD27E-70EE-49DF-B062-B5E3C02A8736}.Debug|Any CPU.ActiveCfg = Debug|Any CPU
		{66EBD27E-70EE-49DF-B062-B5E3C02A8736}.Debug|Any CPU.Build.0 = Debug|Any CPU
		{66EBD27E-70EE-49DF-B062-B5E3C02A8736}.Development|Any CPU.ActiveCfg = Debug|Any CPU
		{66EBD27E-70EE-49DF-B062-B5E3C02A8736}.Development|Any CPU.Build.0 = Debug|Any CPU
		{66EBD27E-70EE-49DF-B062-B5E3C02A8736}.QA|Any CPU.ActiveCfg = Release|Any CPU
		{66EBD27E-70EE-49DF-B062-B5E3C02A8736}.QA|Any CPU.Build.0 = Release|Any CPU
		{66EBD27E-70EE-49DF-B062-B5E3C02A8736}.Release|Any CPU.ActiveCfg = Release|Any CPU
		{66EBD27E-70EE-49DF-B062-B5E3C02A8736}.Release|Any CPU.Build.0 = Release|Any CPU
		{02E508D0-9193-48B4-AE36-4F8C4036801A}.Debug|Any CPU.ActiveCfg = Debug|Any CPU
		{02E508D0-9193-48B4-AE36-4F8C4036801A}.Debug|Any CPU.Build.0 = Debug|Any CPU
		{02E508D0-9193-48B4-AE36-4F8C4036801A}.Development|Any CPU.ActiveCfg = Debug|Any CPU
		{02E508D0-9193-48B4-AE36-4F8C4036801A}.Development|Any CPU.Build.0 = Debug|Any CPU
		{02E508D0-9193-48B4-AE36-4F8C4036801A}.QA|Any CPU.ActiveCfg = Release|Any CPU
		{02E508D0-9193-48B4-AE36-4F8C4036801A}.QA|Any CPU.Build.0 = Release|Any CPU
		{02E508D0-9193-48B4-AE36-4F8C4036801A}.Release|Any CPU.ActiveCfg = Release|Any CPU
		{02E508D0-9193-48B4-AE36-4F8C4036801A}.Release|Any CPU.Build.0 = Release|Any CPU
		{67CBC824-A49E-4E9B-A947-360F3DFE65C3}.Debug|Any CPU.ActiveCfg = Debug|Any CPU
		{67CBC824-A49E-4E9B-A947-360F3DFE65C3}.Debug|Any CPU.Build.0 = Debug|Any CPU
		{67CBC824-A49E-4E9B-A947-360F3DFE65C3}.Development|Any CPU.ActiveCfg = Debug|Any CPU
		{67CBC824-A49E-4E9B-A947-360F3DFE65C3}.Development|Any CPU.Build.0 = Debug|Any CPU
		{67CBC824-A49E-4E9B-A947-360F3DFE65C3}.Development|Any CPU.Deploy.0 = Debug|Any CPU
		{67CBC824-A49E-4E9B-A947-360F3DFE65C3}.QA|Any CPU.ActiveCfg = Debug|Any CPU
		{67CBC824-A49E-4E9B-A947-360F3DFE65C3}.QA|Any CPU.Build.0 = Debug|Any CPU
		{67CBC824-A49E-4E9B-A947-360F3DFE65C3}.QA|Any CPU.Deploy.0 = Debug|Any CPU
		{67CBC824-A49E-4E9B-A947-360F3DFE65C3}.Release|Any CPU.ActiveCfg = Release|Any CPU
		{67CBC824-A49E-4E9B-A947-360F3DFE65C3}.Release|Any CPU.Build.0 = Release|Any CPU
		{67CBC824-A49E-4E9B-A947-360F3DFE65C3}.Release|Any CPU.Deploy.0 = Release|Any CPU
		{00BFB3BB-8B6D-4886-B090-B14D1A1D7364}.Debug|Any CPU.ActiveCfg = Debug|Any CPU
		{00BFB3BB-8B6D-4886-B090-B14D1A1D7364}.Debug|Any CPU.Build.0 = Debug|Any CPU
		{00BFB3BB-8B6D-4886-B090-B14D1A1D7364}.Development|Any CPU.ActiveCfg = Debug|Any CPU
		{00BFB3BB-8B6D-4886-B090-B14D1A1D7364}.Development|Any CPU.Build.0 = Debug|Any CPU
		{00BFB3BB-8B6D-4886-B090-B14D1A1D7364}.Development|Any CPU.Deploy.0 = Debug|Any CPU
		{00BFB3BB-8B6D-4886-B090-B14D1A1D7364}.QA|Any CPU.ActiveCfg = Debug|Any CPU
		{00BFB3BB-8B6D-4886-B090-B14D1A1D7364}.QA|Any CPU.Build.0 = Debug|Any CPU
		{00BFB3BB-8B6D-4886-B090-B14D1A1D7364}.QA|Any CPU.Deploy.0 = Debug|Any CPU
		{00BFB3BB-8B6D-4886-B090-B14D1A1D7364}.Release|Any CPU.ActiveCfg = Release|Any CPU
		{00BFB3BB-8B6D-4886-B090-B14D1A1D7364}.Release|Any CPU.Build.0 = Release|Any CPU
		{00BFB3BB-8B6D-4886-B090-B14D1A1D7364}.Release|Any CPU.Deploy.0 = Release|Any CPU
		{FDB60776-A43D-49F0-AD4A-87F7295964F1}.Debug|Any CPU.ActiveCfg = Debug|Any CPU
		{FDB60776-A43D-49F0-AD4A-87F7295964F1}.Debug|Any CPU.Build.0 = Debug|Any CPU
		{FDB60776-A43D-49F0-AD4A-87F7295964F1}.Development|Any CPU.ActiveCfg = Debug|Any CPU
		{FDB60776-A43D-49F0-AD4A-87F7295964F1}.Development|Any CPU.Build.0 = Debug|Any CPU
		{FDB60776-A43D-49F0-AD4A-87F7295964F1}.QA|Any CPU.ActiveCfg = Release|Any CPU
		{FDB60776-A43D-49F0-AD4A-87F7295964F1}.QA|Any CPU.Build.0 = Release|Any CPU
		{FDB60776-A43D-49F0-AD4A-87F7295964F1}.Release|Any CPU.ActiveCfg = Release|Any CPU
		{FDB60776-A43D-49F0-AD4A-87F7295964F1}.Release|Any CPU.Build.0 = Release|Any CPU
		{0C705751-342D-4497-9BDB-F0BCAB4101F3}.Debug|Any CPU.ActiveCfg = Debug|Any CPU
		{0C705751-342D-4497-9BDB-F0BCAB4101F3}.Debug|Any CPU.Build.0 = Debug|Any CPU
		{0C705751-342D-4497-9BDB-F0BCAB4101F3}.Development|Any CPU.ActiveCfg = Debug|Any CPU
		{0C705751-342D-4497-9BDB-F0BCAB4101F3}.Development|Any CPU.Build.0 = Debug|Any CPU
		{0C705751-342D-4497-9BDB-F0BCAB4101F3}.QA|Any CPU.ActiveCfg = Release|Any CPU
		{0C705751-342D-4497-9BDB-F0BCAB4101F3}.QA|Any CPU.Build.0 = Release|Any CPU
		{0C705751-342D-4497-9BDB-F0BCAB4101F3}.Release|Any CPU.ActiveCfg = Release|Any CPU
		{0C705751-342D-4497-9BDB-F0BCAB4101F3}.Release|Any CPU.Build.0 = Release|Any CPU
	EndGlobalSection
	GlobalSection(SolutionProperties) = preSolution
		HideSolutionNode = FALSE
	EndGlobalSection
EndGlobal
